// !$*UTF8*$!
{
	archiveVersion = 1;
	classes = {
	};
	objectVersion = 56;
	objects = {

/* Begin PBXBuildFile section */
		314979E629E5D37F00B6F4F5 /* MainImageView.swift in Sources */ = {isa = PBXBuildFile; fileRef = 314979E529E5D37F00B6F4F5 /* MainImageView.swift */; };
		31C3F2F629E1C66A002B67DE /* Gluten_Free_ScannerApp.swift in Sources */ = {isa = PBXBuildFile; fileRef = 31C3F2F529E1C66A002B67DE /* Gluten_Free_ScannerApp.swift */; };
		31C3F2F829E1C66A002B67DE /* ContentView.swift in Sources */ = {isa = PBXBuildFile; fileRef = 31C3F2F729E1C66A002B67DE /* ContentView.swift */; };
		31C3F2FA29E1C66B002B67DE /* Assets.xcassets in Resources */ = {isa = PBXBuildFile; fileRef = 31C3F2F929E1C66B002B67DE /* Assets.xcassets */; };
		31C3F2FD29E1C66B002B67DE /* Preview Assets.xcassets in Resources */ = {isa = PBXBuildFile; fileRef = 31C3F2FC29E1C66B002B67DE /* Preview Assets.xcassets */; };
		31C3F30529E311E2002B67DE /* CodeScanner in Frameworks */ = {isa = PBXBuildFile; productRef = 31C3F30429E311E2002B67DE /* CodeScanner */; };
		31D2847429E5E13000611618 /* BarCodeScannerView.swift in Sources */ = {isa = PBXBuildFile; fileRef = 31D2847329E5E13000611618 /* BarCodeScannerView.swift */; };
		31DF17E929E7C88300B1BD7C /* FoodInfoView.swift in Sources */ = {isa = PBXBuildFile; fileRef = 31DF17E829E7C88300B1BD7C /* FoodInfoView.swift */; };
/* End PBXBuildFile section */

/* Begin PBXFileReference section */
		314979E529E5D37F00B6F4F5 /* MainImageView.swift */ = {isa = PBXFileReference; lastKnownFileType = sourcecode.swift; path = MainImageView.swift; sourceTree = "<group>"; };
		31C3F2F229E1C66A002B67DE /* Gluten Free Scanner.app */ = {isa = PBXFileReference; explicitFileType = wrapper.application; includeInIndex = 0; path = "Gluten Free Scanner.app"; sourceTree = BUILT_PRODUCTS_DIR; };
		31C3F2F529E1C66A002B67DE /* Gluten_Free_ScannerApp.swift */ = {isa = PBXFileReference; lastKnownFileType = sourcecode.swift; path = Gluten_Free_ScannerApp.swift; sourceTree = "<group>"; };
		31C3F2F729E1C66A002B67DE /* ContentView.swift */ = {isa = PBXFileReference; lastKnownFileType = sourcecode.swift; path = ContentView.swift; sourceTree = "<group>"; };
		31C3F2F929E1C66B002B67DE /* Assets.xcassets */ = {isa = PBXFileReference; lastKnownFileType = folder.assetcatalog; path = Assets.xcassets; sourceTree = "<group>"; };
		31C3F2FC29E1C66B002B67DE /* Preview Assets.xcassets */ = {isa = PBXFileReference; lastKnownFileType = folder.assetcatalog; path = "Preview Assets.xcassets"; sourceTree = "<group>"; };
		31D2847329E5E13000611618 /* BarCodeScannerView.swift */ = {isa = PBXFileReference; lastKnownFileType = sourcecode.swift; path = BarCodeScannerView.swift; sourceTree = "<group>"; };
		31DF17E829E7C88300B1BD7C /* FoodInfoView.swift */ = {isa = PBXFileReference; lastKnownFileType = sourcecode.swift; path = FoodInfoView.swift; sourceTree = "<group>"; };
/* End PBXFileReference section */

/* Begin PBXFrameworksBuildPhase section */
		31C3F2EF29E1C66A002B67DE /* Frameworks */ = {
			isa = PBXFrameworksBuildPhase;
			buildActionMask = 2147483647;
			files = (
				31C3F30529E311E2002B67DE /* CodeScanner in Frameworks */,
			);
			runOnlyForDeploymentPostprocessing = 0;
		};
/* End PBXFrameworksBuildPhase section */

/* Begin PBXGroup section */
		31C3F2E929E1C66A002B67DE = {
			isa = PBXGroup;
			children = (
				31C3F2F429E1C66A002B67DE /* Gluten Free Scanner */,
				31C3F2F329E1C66A002B67DE /* Products */,
			);
			sourceTree = "<group>";
		};
		31C3F2F329E1C66A002B67DE /* Products */ = {
			isa = PBXGroup;
			children = (
				31C3F2F229E1C66A002B67DE /* Gluten Free Scanner.app */,
			);
			name = Products;
			sourceTree = "<group>";
		};
		31C3F2F429E1C66A002B67DE /* Gluten Free Scanner */ = {
			isa = PBXGroup;
			children = (
				31C3F2F529E1C66A002B67DE /* Gluten_Free_ScannerApp.swift */,
				31C3F2F729E1C66A002B67DE /* ContentView.swift */,
				314979E529E5D37F00B6F4F5 /* MainImageView.swift */,
				31DF17E829E7C88300B1BD7C /* FoodInfoView.swift */,
				31D2847329E5E13000611618 /* BarCodeScannerView.swift */,
				31C3F2F929E1C66B002B67DE /* Assets.xcassets */,
				31C3F2FB29E1C66B002B67DE /* Preview Content */,
			);
			path = "Gluten Free Scanner";
			sourceTree = "<group>";
		};
		31C3F2FB29E1C66B002B67DE /* Preview Content */ = {
			isa = PBXGroup;
			children = (
				31C3F2FC29E1C66B002B67DE /* Preview Assets.xcassets */,
			);
			path = "Preview Content";
			sourceTree = "<group>";
		};
/* End PBXGroup section */

/* Begin PBXNativeTarget section */
		31C3F2F129E1C66A002B67DE /* Gluten Free Scanner */ = {
			isa = PBXNativeTarget;
			buildConfigurationList = 31C3F30029E1C66B002B67DE /* Build configuration list for PBXNativeTarget "Gluten Free Scanner" */;
			buildPhases = (
				31C3F2EE29E1C66A002B67DE /* Sources */,
				31C3F2EF29E1C66A002B67DE /* Frameworks */,
				31C3F2F029E1C66A002B67DE /* Resources */,
			);
			buildRules = (
			);
			dependencies = (
			);
			name = "Gluten Free Scanner";
			packageProductDependencies = (
				31C3F30429E311E2002B67DE /* CodeScanner */,
			);
			productName = "Gluten Free Scanner";
			productReference = 31C3F2F229E1C66A002B67DE /* Gluten Free Scanner.app */;
			productType = "com.apple.product-type.application";
		};
/* End PBXNativeTarget section */

/* Begin PBXProject section */
		31C3F2EA29E1C66A002B67DE /* Project object */ = {
			isa = PBXProject;
			attributes = {
				BuildIndependentTargetsInParallel = 1;
				LastSwiftUpdateCheck = 1430;
				LastUpgradeCheck = 1430;
				TargetAttributes = {
					31C3F2F129E1C66A002B67DE = {
						CreatedOnToolsVersion = 14.3;
					};
				};
			};
			buildConfigurationList = 31C3F2ED29E1C66A002B67DE /* Build configuration list for PBXProject "Gluten Free Scanner" */;
			compatibilityVersion = "Xcode 14.0";
			developmentRegion = en;
			hasScannedForEncodings = 0;
			knownRegions = (
				en,
				Base,
			);
			mainGroup = 31C3F2E929E1C66A002B67DE;
			packageReferences = (
				31C3F30329E311E2002B67DE /* XCRemoteSwiftPackageReference "CodeScanner" */,
			);
			productRefGroup = 31C3F2F329E1C66A002B67DE /* Products */;
			projectDirPath = "";
			projectRoot = "";
			targets = (
				31C3F2F129E1C66A002B67DE /* Gluten Free Scanner */,
			);
		};
/* End PBXProject section */

/* Begin PBXResourcesBuildPhase section */
		31C3F2F029E1C66A002B67DE /* Resources */ = {
			isa = PBXResourcesBuildPhase;
			buildActionMask = 2147483647;
			files = (
				31C3F2FD29E1C66B002B67DE /* Preview Assets.xcassets in Resources */,
				31C3F2FA29E1C66B002B67DE /* Assets.xcassets in Resources */,
			);
			runOnlyForDeploymentPostprocessing = 0;
		};
/* End PBXResourcesBuildPhase section */

/* Begin PBXSourcesBuildPhase section */
		31C3F2EE29E1C66A002B67DE /* Sources */ = {
			isa = PBXSourcesBuildPhase;
			buildActionMask = 2147483647;
			files = (
				314979E629E5D37F00B6F4F5 /* MainImageView.swift in Sources */,
				31C3F2F829E1C66A002B67DE /* ContentView.swift in Sources */,
				31D2847429E5E13000611618 /* BarCodeScannerView.swift in Sources */,
				31DF17E929E7C88300B1BD7C /* FoodInfoView.swift in Sources */,
				31C3F2F629E1C66A002B67DE /* Gluten_Free_ScannerApp.swift in Sources */,
			);
			runOnlyForDeploymentPostprocessing = 0;
		};
/* End PBXSourcesBuildPhase section */

/* Begin XCBuildConfiguration section */
		31C3F2FE29E1C66B002B67DE /* Debug */ = {
			isa = XCBuildConfiguration;
			buildSettings = {
				ALWAYS_SEARCH_USER_PATHS = NO;
				CLANG_ANALYZER_NONNULL = YES;
				CLANG_ANALYZER_NUMBER_OBJECT_CONVERSION = YES_AGGRESSIVE;
				CLANG_CXX_LANGUAGE_STANDARD = "gnu++20";
				CLANG_ENABLE_MODULES = YES;
				CLANG_ENABLE_OBJC_ARC = YES;
				CLANG_ENABLE_OBJC_WEAK = YES;
				CLANG_WARN_BLOCK_CAPTURE_AUTORELEASING = YES;
				CLANG_WARN_BOOL_CONVERSION = YES;
				CLANG_WARN_COMMA = YES;
				CLANG_WARN_CONSTANT_CONVERSION = YES;
				CLANG_WARN_DEPRECATED_OBJC_IMPLEMENTATIONS = YES;
				CLANG_WARN_DIRECT_OBJC_ISA_USAGE = YES_ERROR;
				CLANG_WARN_DOCUMENTATION_COMMENTS = YES;
				CLANG_WARN_EMPTY_BODY = YES;
				CLANG_WARN_ENUM_CONVERSION = YES;
				CLANG_WARN_INFINITE_RECURSION = YES;
				CLANG_WARN_INT_CONVERSION = YES;
				CLANG_WARN_NON_LITERAL_NULL_CONVERSION = YES;
				CLANG_WARN_OBJC_IMPLICIT_RETAIN_SELF = YES;
				CLANG_WARN_OBJC_LITERAL_CONVERSION = YES;
				CLANG_WARN_OBJC_ROOT_CLASS = YES_ERROR;
				CLANG_WARN_QUOTED_INCLUDE_IN_FRAMEWORK_HEADER = YES;
				CLANG_WARN_RANGE_LOOP_ANALYSIS = YES;
				CLANG_WARN_STRICT_PROTOTYPES = YES;
				CLANG_WARN_SUSPICIOUS_MOVE = YES;
				CLANG_WARN_UNGUARDED_AVAILABILITY = YES_AGGRESSIVE;
				CLANG_WARN_UNREACHABLE_CODE = YES;
				CLANG_WARN__DUPLICATE_METHOD_MATCH = YES;
				COPY_PHASE_STRIP = NO;
				DEBUG_INFORMATION_FORMAT = dwarf;
				ENABLE_STRICT_OBJC_MSGSEND = YES;
				ENABLE_TESTABILITY = YES;
				GCC_C_LANGUAGE_STANDARD = gnu11;
				GCC_DYNAMIC_NO_PIC = NO;
				GCC_NO_COMMON_BLOCKS = YES;
				GCC_OPTIMIZATION_LEVEL = 0;
				GCC_PREPROCESSOR_DEFINITIONS = (
					"DEBUG=1",
					"$(inherited)",
				);
				GCC_WARN_64_TO_32_BIT_CONVERSION = YES;
				GCC_WARN_ABOUT_RETURN_TYPE = YES_ERROR;
				GCC_WARN_UNDECLARED_SELECTOR = YES;
				GCC_WARN_UNINITIALIZED_AUTOS = YES_AGGRESSIVE;
				GCC_WARN_UNUSED_FUNCTION = YES;
				GCC_WARN_UNUSED_VARIABLE = YES;
				IPHONEOS_DEPLOYMENT_TARGET = 16.4;
				MTL_ENABLE_DEBUG_INFO = INCLUDE_SOURCE;
				MTL_FAST_MATH = YES;
				ONLY_ACTIVE_ARCH = YES;
				SDKROOT = iphoneos;
				SWIFT_ACTIVE_COMPILATION_CONDITIONS = DEBUG;
				SWIFT_OPTIMIZATION_LEVEL = "-Onone";
			};
			name = Debug;
		};
		31C3F2FF29E1C66B002B67DE /* Release */ = {
			isa = XCBuildConfiguration;
			buildSettings = {
				ALWAYS_SEARCH_USER_PATHS = NO;
				CLANG_ANALYZER_NONNULL = YES;
				CLANG_ANALYZER_NUMBER_OBJECT_CONVERSION = YES_AGGRESSIVE;
				CLANG_CXX_LANGUAGE_STANDARD = "gnu++20";
				CLANG_ENABLE_MODULES = YES;
				CLANG_ENABLE_OBJC_ARC = YES;
				CLANG_ENABLE_OBJC_WEAK = YES;
				CLANG_WARN_BLOCK_CAPTURE_AUTORELEASING = YES;
				CLANG_WARN_BOOL_CONVERSION = YES;
				CLANG_WARN_COMMA = YES;
				CLANG_WARN_CONSTANT_CONVERSION = YES;
				CLANG_WARN_DEPRECATED_OBJC_IMPLEMENTATIONS = YES;
				CLANG_WARN_DIRECT_OBJC_ISA_USAGE = YES_ERROR;
				CLANG_WARN_DOCUMENTATION_COMMENTS = YES;
				CLANG_WARN_EMPTY_BODY = YES;
				CLANG_WARN_ENUM_CONVERSION = YES;
				CLANG_WARN_INFINITE_RECURSION = YES;
				CLANG_WARN_INT_CONVERSION = YES;
				CLANG_WARN_NON_LITERAL_NULL_CONVERSION = YES;
				CLANG_WARN_OBJC_IMPLICIT_RETAIN_SELF = YES;
				CLANG_WARN_OBJC_LITERAL_CONVERSION = YES;
				CLANG_WARN_OBJC_ROOT_CLASS = YES_ERROR;
				CLANG_WARN_QUOTED_INCLUDE_IN_FRAMEWORK_HEADER = YES;
				CLANG_WARN_RANGE_LOOP_ANALYSIS = YES;
				CLANG_WARN_STRICT_PROTOTYPES = YES;
				CLANG_WARN_SUSPICIOUS_MOVE = YES;
				CLANG_WARN_UNGUARDED_AVAILABILITY = YES_AGGRESSIVE;
				CLANG_WARN_UNREACHABLE_CODE = YES;
				CLANG_WARN__DUPLICATE_METHOD_MATCH = YES;
				COPY_PHASE_STRIP = NO;
				DEBUG_INFORMATION_FORMAT = "dwarf-with-dsym";
				ENABLE_NS_ASSERTIONS = NO;
				ENABLE_STRICT_OBJC_MSGSEND = YES;
				GCC_C_LANGUAGE_STANDARD = gnu11;
				GCC_NO_COMMON_BLOCKS = YES;
				GCC_WARN_64_TO_32_BIT_CONVERSION = YES;
				GCC_WARN_ABOUT_RETURN_TYPE = YES_ERROR;
				GCC_WARN_UNDECLARED_SELECTOR = YES;
				GCC_WARN_UNINITIALIZED_AUTOS = YES_AGGRESSIVE;
				GCC_WARN_UNUSED_FUNCTION = YES;
				GCC_WARN_UNUSED_VARIABLE = YES;
				IPHONEOS_DEPLOYMENT_TARGET = 16.4;
				MTL_ENABLE_DEBUG_INFO = NO;
				MTL_FAST_MATH = YES;
				SDKROOT = iphoneos;
				SWIFT_COMPILATION_MODE = wholemodule;
				SWIFT_OPTIMIZATION_LEVEL = "-O";
				VALIDATE_PRODUCT = YES;
			};
			name = Release;
		};
		31C3F30129E1C66B002B67DE /* Debug */ = {
			isa = XCBuildConfiguration;
			buildSettings = {
				ASSETCATALOG_COMPILER_APPICON_NAME = AppIcon;
				ASSETCATALOG_COMPILER_GLOBAL_ACCENT_COLOR_NAME = AccentColor;
				CODE_SIGN_STYLE = Automatic;
				CURRENT_PROJECT_VERSION = 1;
				DEVELOPMENT_ASSET_PATHS = "\"Gluten Free Scanner/Preview Content\"";
				DEVELOPMENT_TEAM = Z87M9B9M97;
				ENABLE_PREVIEWS = YES;
				GENERATE_INFOPLIST_FILE = YES;
				INFOPLIST_KEY_LSApplicationCategoryType = "";
				INFOPLIST_KEY_NSCameraUsageDescription = "";
				INFOPLIST_KEY_UIApplicationSceneManifest_Generation = YES;
				INFOPLIST_KEY_UIApplicationSupportsIndirectInputEvents = YES;
				INFOPLIST_KEY_UILaunchScreen_Generation = YES;
				INFOPLIST_KEY_UISupportedInterfaceOrientations_iPad = "UIInterfaceOrientationPortrait UIInterfaceOrientationPortraitUpsideDown UIInterfaceOrientationLandscapeLeft UIInterfaceOrientationLandscapeRight";
				INFOPLIST_KEY_UISupportedInterfaceOrientations_iPhone = "UIInterfaceOrientationPortrait UIInterfaceOrientationLandscapeLeft UIInterfaceOrientationLandscapeRight";
				LD_RUNPATH_SEARCH_PATHS = (
					"$(inherited)",
					"@executable_path/Frameworks",
				);
				MARKETING_VERSION = 1.0;
				PRODUCT_BUNDLE_IDENTIFIER = "com.andrewblad.Gluten-Free-Scanner";
				PRODUCT_NAME = "$(TARGET_NAME)";
				SWIFT_EMIT_LOC_STRINGS = YES;
				SWIFT_VERSION = 5.0;
				TARGETED_DEVICE_FAMILY = "1,2";
			};
			name = Debug;
		};
		31C3F30229E1C66B002B67DE /* Release */ = {
			isa = XCBuildConfiguration;
			buildSettings = {
				ASSETCATALOG_COMPILER_APPICON_NAME = AppIcon;
				ASSETCATALOG_COMPILER_GLOBAL_ACCENT_COLOR_NAME = AccentColor;
				CODE_SIGN_STYLE = Automatic;
				CURRENT_PROJECT_VERSION = 1;
				DEVELOPMENT_ASSET_PATHS = "\"Gluten Free Scanner/Preview Content\"";
				DEVELOPMENT_TEAM = Z87M9B9M97;
				ENABLE_PREVIEWS = YES;
				GENERATE_INFOPLIST_FILE = YES;
				INFOPLIST_KEY_LSApplicationCategoryType = "";
				INFOPLIST_KEY_NSCameraUsageDescription = "";
				INFOPLIST_KEY_UIApplicationSceneManifest_Generation = YES;
				INFOPLIST_KEY_UIApplicationSupportsIndirectInputEvents = YES;
				INFOPLIST_KEY_UILaunchScreen_Generation = YES;
				INFOPLIST_KEY_UISupportedInterfaceOrientations_iPad = "UIInterfaceOrientationPortrait UIInterfaceOrientationPortraitUpsideDown UIInterfaceOrientationLandscapeLeft UIInterfaceOrientationLandscapeRight";
				INFOPLIST_KEY_UISupportedInterfaceOrientations_iPhone = "UIInterfaceOrientationPortrait UIInterfaceOrientationLandscapeLeft UIInterfaceOrientationLandscapeRight";
				LD_RUNPATH_SEARCH_PATHS = (
					"$(inherited)",
					"@executable_path/Frameworks",
				);
				MARKETING_VERSION = 1.0;
				PRODUCT_BUNDLE_IDENTIFIER = "com.andrewblad.Gluten-Free-Scanner";
				PRODUCT_NAME = "$(TARGET_NAME)";
				SWIFT_EMIT_LOC_STRINGS = YES;
				SWIFT_VERSION = 5.0;
				TARGETED_DEVICE_FAMILY = "1,2";
			};
			name = Release;
		};
/* End XCBuildConfiguration section */

/* Begin XCConfigurationList section */
		31C3F2ED29E1C66A002B67DE /* Build configuration list for PBXProject "Gluten Free Scanner" */ = {
			isa = XCConfigurationList;
			buildConfigurations = (
				31C3F2FE29E1C66B002B67DE /* Debug */,
				31C3F2FF29E1C66B002B67DE /* Release */,
			);
			defaultConfigurationIsVisible = 0;
			defaultConfigurationName = Release;
		};
		31C3F30029E1C66B002B67DE /* Build configuration list for PBXNativeTarget "Gluten Free Scanner" */ = {
			isa = XCConfigurationList;
			buildConfigurations = (
				31C3F30129E1C66B002B67DE /* Debug */,
				31C3F30229E1C66B002B67DE /* Release */,
			);
			defaultConfigurationIsVisible = 0;
			defaultConfigurationName = Release;
		};
/* End XCConfigurationList section */

/* Begin XCRemoteSwiftPackageReference section */
		31C3F30329E311E2002B67DE /* XCRemoteSwiftPackageReference "CodeScanner" */ = {
			isa = XCRemoteSwiftPackageReference;
			repositoryURL = "https://github.com/twostraws/CodeScanner";
			requirement = {
				kind = upToNextMajorVersion;
				minimumVersion = 2.0.0;
			};
		};
/* End XCRemoteSwiftPackageReference section */

/* Begin XCSwiftPackageProductDependency section */
		31C3F30429E311E2002B67DE /* CodeScanner */ = {
			isa = XCSwiftPackageProductDependency;
			package = 31C3F30329E311E2002B67DE /* XCRemoteSwiftPackageReference "CodeScanner" */;
			productName = CodeScanner;
		};
/* End XCSwiftPackageProductDependency section */
	};
	rootObject = 31C3F2EA29E1C66A002B67DE /* Project object */;
}
